
Microsoft Visual Studio Solution File, Format Version 12.00
# Visual Studio 15
VisualStudioVersion = 15.0.28307.438
MinimumVisualStudioVersion = 10.0.40219.1
Project("{8BC9CEB8-8B4A-11D0-8D11-00A0C91BC942}") = "bitset", "bitset\bitset.vcxproj", "{DB2AD5B3-899B-4627-B031-1EC5A6BA4FD9}"
EndProject
Project("{8BC9CEB8-8B4A-11D0-8D11-00A0C91BC942}") = "排序算法", "排序算法\排序算法.vcxproj", "{15A7128C-D007-4B7E-9933-360B806DC48A}"
EndProject
Project("{8BC9CEB8-8B4A-11D0-8D11-00A0C91BC942}") = "顺序容器vector（二维）", "顺序容器vector（二维）\顺序容器vector（二维）.vcxproj", "{C0182492-A8C7-4270-96EF-2F2CA15C7439}"
EndProject
Project("{8BC9CEB8-8B4A-11D0-8D11-00A0C91BC942}") = "关联容器_set", "STL_关联容器_set\STL_关联容器_set.vcxproj", "{9958867B-DF27-4F5E-AB49-BE864BCA2C1D}"
EndProject
Project("{8BC9CEB8-8B4A-11D0-8D11-00A0C91BC942}") = "关联容器_multimap", "STL_关联容器_multimap\STL_关联容器_multimap.vcxproj", "{769C051F-1498-4CAC-9C83-7B7289C6A12A}"
EndProject
Project("{8BC9CEB8-8B4A-11D0-8D11-00A0C91BC942}") = "顺序容器_list", "STL_list\STL_list.vcxproj", "{A548B86A-3E17-498D-BB59-5C8C3887CC19}"
EndProject
Project("{8BC9CEB8-8B4A-11D0-8D11-00A0C91BC942}") = "关联容器_Multiset", "Multiset示例\Multiset示例.vcxproj", "{3B4A6802-25BA-4CAD-926A-5F5D83E19822}"
EndProject
Project("{8BC9CEB8-8B4A-11D0-8D11-00A0C91BC942}") = "变值算法", "STL_变值算法\STL_变值算法.vcxproj", "{700A8B01-BCCE-4149-90E4-B99A82317B5D}"
EndProject
Project("{8BC9CEB8-8B4A-11D0-8D11-00A0C91BC942}") = "变序算法", "变序算法\STL_basic.vcxproj", "{D1059CBD-253D-4F49-95A4-4A6C01BB27AD}"
EndProject
Global
	GlobalSection(SolutionConfigurationPlatforms) = preSolution
		Debug|x64 = Debug|x64
		Debug|x86 = Debug|x86
		Release|x64 = Release|x64
		Release|x86 = Release|x86
	EndGlobalSection
	GlobalSection(ProjectConfigurationPlatforms) = postSolution
		{DB2AD5B3-899B-4627-B031-1EC5A6BA4FD9}.Debug|x64.ActiveCfg = Debug|x64
		{DB2AD5B3-899B-4627-B031-1EC5A6BA4FD9}.Debug|x64.Build.0 = Debug|x64
		{DB2AD5B3-899B-4627-B031-1EC5A6BA4FD9}.Debug|x86.ActiveCfg = Debug|Win32
		{DB2AD5B3-899B-4627-B031-1EC5A6BA4FD9}.Debug|x86.Build.0 = Debug|Win32
		{DB2AD5B3-899B-4627-B031-1EC5A6BA4FD9}.Release|x64.ActiveCfg = Release|x64
		{DB2AD5B3-899B-4627-B031-1EC5A6BA4FD9}.Release|x64.Build.0 = Release|x64
		{DB2AD5B3-899B-4627-B031-1EC5A6BA4FD9}.Release|x86.ActiveCfg = Release|Win32
		{DB2AD5B3-899B-4627-B031-1EC5A6BA4FD9}.Release|x86.Build.0 = Release|Win32
		{15A7128C-D007-4B7E-9933-360B806DC48A}.Debug|x64.ActiveCfg = Debug|x64
		{15A7128C-D007-4B7E-9933-360B806DC48A}.Debug|x64.Build.0 = Debug|x64
		{15A7128C-D007-4B7E-9933-360B806DC48A}.Debug|x86.ActiveCfg = Debug|Win32
		{15A7128C-D007-4B7E-9933-360B806DC48A}.Debug|x86.Build.0 = Debug|Win32
		{15A7128C-D007-4B7E-9933-360B806DC48A}.Release|x64.ActiveCfg = Release|x64
		{15A7128C-D007-4B7E-9933-360B806DC48A}.Release|x64.Build.0 = Release|x64
		{15A7128C-D007-4B7E-9933-360B806DC48A}.Release|x86.ActiveCfg = Release|Win32
		{15A7128C-D007-4B7E-9933-360B806DC48A}.Release|x86.Build.0 = Release|Win32
		{C0182492-A8C7-4270-96EF-2F2CA15C7439}.Debug|x64.ActiveCfg = Debug|x64
		{C0182492-A8C7-4270-96EF-2F2CA15C7439}.Debug|x64.Build.0 = Debug|x64
		{C0182492-A8C7-4270-96EF-2F2CA15C7439}.Debug|x86.ActiveCfg = Debug|Win32
		{C0182492-A8C7-4270-96EF-2F2CA15C7439}.Debug|x86.Build.0 = Debug|Win32
		{C0182492-A8C7-4270-96EF-2F2CA15C7439}.Release|x64.ActiveCfg = Release|x64
		{C0182492-A8C7-4270-96EF-2F2CA15C7439}.Release|x64.Build.0 = Release|x64
		{C0182492-A8C7-4270-96EF-2F2CA15C7439}.Release|x86.ActiveCfg = Release|Win32
		{C0182492-A8C7-4270-96EF-2F2CA15C7439}.Release|x86.Build.0 = Release|Win32
		{9958867B-DF27-4F5E-AB49-BE864BCA2C1D}.Debug|x64.ActiveCfg = Debug|x64
		{9958867B-DF27-4F5E-AB49-BE864BCA2C1D}.Debug|x64.Build.0 = Debug|x64
		{9958867B-DF27-4F5E-AB49-BE864BCA2C1D}.Debug|x86.ActiveCfg = Debug|Win32
		{9958867B-DF27-4F5E-AB49-BE864BCA2C1D}.Debug|x86.Build.0 = Debug|Win32
		{9958867B-DF27-4F5E-AB49-BE864BCA2C1D}.Release|x64.ActiveCfg = Release|x64
		{9958867B-DF27-4F5E-AB49-BE864BCA2C1D}.Release|x64.Build.0 = Release|x64
		{9958867B-DF27-4F5E-AB49-BE864BCA2C1D}.Release|x86.ActiveCfg = Release|Win32
		{9958867B-DF27-4F5E-AB49-BE864BCA2C1D}.Release|x86.Build.0 = Release|Win32
		{769C051F-1498-4CAC-9C83-7B7289C6A12A}.Debug|x64.ActiveCfg = Debug|x64
		{769C051F-1498-4CAC-9C83-7B7289C6A12A}.Debug|x64.Build.0 = Debug|x64
		{769C051F-1498-4CAC-9C83-7B7289C6A12A}.Debug|x86.ActiveCfg = Debug|Win32
		{769C051F-1498-4CAC-9C83-7B7289C6A12A}.Debug|x86.Build.0 = Debug|Win32
		{769C051F-1498-4CAC-9C83-7B7289C6A12A}.Release|x64.ActiveCfg = Release|x64
		{769C051F-1498-4CAC-9C83-7B7289C6A12A}.Release|x64.Build.0 = Release|x64
		{769C051F-1498-4CAC-9C83-7B7289C6A12A}.Release|x86.ActiveCfg = Release|Win32
		{769C051F-1498-4CAC-9C83-7B7289C6A12A}.Release|x86.Build.0 = Release|Win32
		{A548B86A-3E17-498D-BB59-5C8C3887CC19}.Debug|x64.ActiveCfg = Debug|x64
		{A548B86A-3E17-498D-BB59-5C8C3887CC19}.Debug|x64.Build.0 = Debug|x64
		{A548B86A-3E17-498D-BB59-5C8C3887CC19}.Debug|x86.ActiveCfg = Debug|Win32
		{A548B86A-3E17-498D-BB59-5C8C3887CC19}.Debug|x86.Build.0 = Debug|Win32
		{A548B86A-3E17-498D-BB59-5C8C3887CC19}.Release|x64.ActiveCfg = Release|x64
		{A548B86A-3E17-498D-BB59-5C8C3887CC19}.Release|x64.Build.0 = Release|x64
		{A548B86A-3E17-498D-BB59-5C8C3887CC19}.Release|x86.ActiveCfg = Release|Win32
		{A548B86A-3E17-498D-BB59-5C8C3887CC19}.Release|x86.Build.0 = Release|Win32
		{3B4A6802-25BA-4CAD-926A-5F5D83E19822}.Debug|x64.ActiveCfg = Debug|x64
		{3B4A6802-25BA-4CAD-926A-5F5D83E19822}.Debug|x64.Build.0 = Debug|x64
		{3B4A6802-25BA-4CAD-926A-5F5D83E19822}.Debug|x86.ActiveCfg = Debug|Win32
		{3B4A6802-25BA-4CAD-926A-5F5D83E19822}.Debug|x86.Build.0 = Debug|Win32
		{3B4A6802-25BA-4CAD-926A-5F5D83E19822}.Release|x64.ActiveCfg = Release|x64
		{3B4A6802-25BA-4CAD-926A-5F5D83E19822}.Release|x64.Build.0 = Release|x64
		{3B4A6802-25BA-4CAD-926A-5F5D83E19822}.Release|x86.ActiveCfg = Release|Win32
		{3B4A6802-25BA-4CAD-926A-5F5D83E19822}.Release|x86.Build.0 = Release|Win32
		{700A8B01-BCCE-4149-90E4-B99A82317B5D}.Debug|x64.ActiveCfg = Debug|x64
		{700A8B01-BCCE-4149-90E4-B99A82317B5D}.Debug|x64.Build.0 = Debug|x64
		{700A8B01-BCCE-4149-90E4-B99A82317B5D}.Debug|x86.ActiveCfg = Debug|Win32
		{700A8B01-BCCE-4149-90E4-B99A82317B5D}.Debug|x86.Build.0 = Debug|Win32
		{700A8B01-BCCE-4149-90E4-B99A82317B5D}.Release|x64.ActiveCfg = Release|x64
		{700A8B01-BCCE-4149-90E4-B99A82317B5D}.Release|x64.Build.0 = Release|x64
		{700A8B01-BCCE-4149-90E4-B99A82317B5D}.Release|x86.ActiveCfg = Release|Win32
		{700A8B01-BCCE-4149-90E4-B99A82317B5D}.Release|x86.Build.0 = Release|Win32
		{D1059CBD-253D-4F49-95A4-4A6C01BB27AD}.Debug|x64.ActiveCfg = Debug|x64
		{D1059CBD-253D-4F49-95A4-4A6C01BB27AD}.Debug|x64.Build.0 = Debug|x64
		{D1059CBD-253D-4F49-95A4-4A6C01BB27AD}.Debug|x86.ActiveCfg = Debug|Win32
		{D1059CBD-253D-4F49-95A4-4A6C01BB27AD}.Debug|x86.Build.0 = Debug|Win32
		{D1059CBD-253D-4F49-95A4-4A6C01BB27AD}.Release|x64.ActiveCfg = Release|x64
		{D1059CBD-253D-4F49-95A4-4A6C01BB27AD}.Release|x64.Build.0 = Release|x64
		{D1059CBD-253D-4F49-95A4-4A6C01BB27AD}.Release|x86.ActiveCfg = Release|Win32
		{D1059CBD-253D-4F49-95A4-4A6C01BB27AD}.Release|x86.Build.0 = Release|Win32
	EndGlobalSection
	GlobalSection(SolutionProperties) = preSolution
		HideSolutionNode = FALSE
	EndGlobalSection
	GlobalSection(ExtensibilityGlobals) = postSolution
		SolutionGuid = {18744EC5-3864-4A09-866B-8932AE630AC6}
	EndGlobalSection
EndGlobal
